// !$*UTF8*$!
{
	archiveVersion = 1;
	classes = {
	};
	objectVersion = 50;
	objects = {

/* Begin PBXBuildFile section */
		7D55FFBE26791A5300CBA8C9 /* ViewCode.swift in Sources */ = {isa = PBXBuildFile; fileRef = 7D55FFBD26791A5200CBA8C9 /* ViewCode.swift */; };
		7D55FFC32679201300CBA8C9 /* CharacterListCell.swift in Sources */ = {isa = PBXBuildFile; fileRef = 7D55FFC22679201300CBA8C9 /* CharacterListCell.swift */; };
		7D6DBBF6267134E800123252 /* MainCoordinator.swift in Sources */ = {isa = PBXBuildFile; fileRef = 7D6DBBF5267134E800123252 /* MainCoordinator.swift */; };
		7DCF68FC2673D63F007A48CC /* CharactersListView.swift in Sources */ = {isa = PBXBuildFile; fileRef = 7DCF68FB2673D63F007A48CC /* CharactersListView.swift */; };
		7DFD2A0226597FA8005D38A7 /* AppDelegate.swift in Sources */ = {isa = PBXBuildFile; fileRef = 7DFD2A0126597FA8005D38A7 /* AppDelegate.swift */; };
		7DFD2A0626597FA9005D38A7 /* ViewController.swift in Sources */ = {isa = PBXBuildFile; fileRef = 7DFD2A0526597FA9005D38A7 /* ViewController.swift */; };
		7DFD2A0926597FA9005D38A7 /* Main.storyboard in Resources */ = {isa = PBXBuildFile; fileRef = 7DFD2A0726597FA9005D38A7 /* Main.storyboard */; };
		7DFD2A0B26597FAA005D38A7 /* Assets.xcassets in Resources */ = {isa = PBXBuildFile; fileRef = 7DFD2A0A26597FAA005D38A7 /* Assets.xcassets */; };
		7DFD2A0E26597FAA005D38A7 /* LaunchScreen.storyboard in Resources */ = {isa = PBXBuildFile; fileRef = 7DFD2A0C26597FAA005D38A7 /* LaunchScreen.storyboard */; };
		7DFD2A1926597FAB005D38A7 /* TheAvengersInitiativeTests.swift in Sources */ = {isa = PBXBuildFile; fileRef = 7DFD2A1826597FAB005D38A7 /* TheAvengersInitiativeTests.swift */; };
		7DFD2A2426597FAB005D38A7 /* TheAvengersInitiativeUITests.swift in Sources */ = {isa = PBXBuildFile; fileRef = 7DFD2A2326597FAB005D38A7 /* TheAvengersInitiativeUITests.swift */; };
		7DFEC6EF26728E6C0036A72B /* CharactersListViewController.swift in Sources */ = {isa = PBXBuildFile; fileRef = 7DFEC6EE26728E6C0036A72B /* CharactersListViewController.swift */; };
		7DFEC6F526728E9F0036A72B /* Coordinator.swift in Sources */ = {isa = PBXBuildFile; fileRef = 7DFEC6F426728E9F0036A72B /* Coordinator.swift */; };
		7DFEC6FA26728EC40036A72B /* CharacterListCoordinator.swift in Sources */ = {isa = PBXBuildFile; fileRef = 7DFEC6F926728EC40036A72B /* CharacterListCoordinator.swift */; };
/* End PBXBuildFile section */

/* Begin PBXContainerItemProxy section */
		7DFD2A1526597FAB005D38A7 /* PBXContainerItemProxy */ = {
			isa = PBXContainerItemProxy;
			containerPortal = 7DFD29F626597FA8005D38A7 /* Project object */;
			proxyType = 1;
			remoteGlobalIDString = 7DFD29FD26597FA8005D38A7;
			remoteInfo = TheAvengersInitiative;
		};
		7DFD2A2026597FAB005D38A7 /* PBXContainerItemProxy */ = {
			isa = PBXContainerItemProxy;
			containerPortal = 7DFD29F626597FA8005D38A7 /* Project object */;
			proxyType = 1;
			remoteGlobalIDString = 7DFD29FD26597FA8005D38A7;
			remoteInfo = TheAvengersInitiative;
		};
/* End PBXContainerItemProxy section */

/* Begin PBXFileReference section */
		7D55FFBD26791A5200CBA8C9 /* ViewCode.swift */ = {isa = PBXFileReference; lastKnownFileType = sourcecode.swift; path = ViewCode.swift; sourceTree = "<group>"; };
		7D55FFC22679201300CBA8C9 /* CharacterListCell.swift */ = {isa = PBXFileReference; lastKnownFileType = sourcecode.swift; path = CharacterListCell.swift; sourceTree = "<group>"; };
		7D6DBBF5267134E800123252 /* MainCoordinator.swift */ = {isa = PBXFileReference; lastKnownFileType = sourcecode.swift; path = MainCoordinator.swift; sourceTree = "<group>"; };
		7DCF68FB2673D63F007A48CC /* CharactersListView.swift */ = {isa = PBXFileReference; lastKnownFileType = sourcecode.swift; path = CharactersListView.swift; sourceTree = "<group>"; };
		7DFD29FE26597FA8005D38A7 /* TheAvengersInitiative.app */ = {isa = PBXFileReference; explicitFileType = wrapper.application; includeInIndex = 0; path = TheAvengersInitiative.app; sourceTree = BUILT_PRODUCTS_DIR; };
		7DFD2A0126597FA8005D38A7 /* AppDelegate.swift */ = {isa = PBXFileReference; lastKnownFileType = sourcecode.swift; path = AppDelegate.swift; sourceTree = "<group>"; };
		7DFD2A0526597FA9005D38A7 /* ViewController.swift */ = {isa = PBXFileReference; lastKnownFileType = sourcecode.swift; path = ViewController.swift; sourceTree = "<group>"; };
		7DFD2A0826597FA9005D38A7 /* Base */ = {isa = PBXFileReference; lastKnownFileType = file.storyboard; name = Base; path = Base.lproj/Main.storyboard; sourceTree = "<group>"; };
		7DFD2A0A26597FAA005D38A7 /* Assets.xcassets */ = {isa = PBXFileReference; lastKnownFileType = folder.assetcatalog; path = Assets.xcassets; sourceTree = "<group>"; };
		7DFD2A0D26597FAA005D38A7 /* Base */ = {isa = PBXFileReference; lastKnownFileType = file.storyboard; name = Base; path = Base.lproj/LaunchScreen.storyboard; sourceTree = "<group>"; };
		7DFD2A0F26597FAA005D38A7 /* Info.plist */ = {isa = PBXFileReference; lastKnownFileType = text.plist.xml; path = Info.plist; sourceTree = "<group>"; };
		7DFD2A1426597FAB005D38A7 /* TheAvengersInitiativeTests.xctest */ = {isa = PBXFileReference; explicitFileType = wrapper.cfbundle; includeInIndex = 0; path = TheAvengersInitiativeTests.xctest; sourceTree = BUILT_PRODUCTS_DIR; };
		7DFD2A1826597FAB005D38A7 /* TheAvengersInitiativeTests.swift */ = {isa = PBXFileReference; lastKnownFileType = sourcecode.swift; path = TheAvengersInitiativeTests.swift; sourceTree = "<group>"; };
		7DFD2A1A26597FAB005D38A7 /* Info.plist */ = {isa = PBXFileReference; lastKnownFileType = text.plist.xml; path = Info.plist; sourceTree = "<group>"; };
		7DFD2A1F26597FAB005D38A7 /* TheAvengersInitiativeUITests.xctest */ = {isa = PBXFileReference; explicitFileType = wrapper.cfbundle; includeInIndex = 0; path = TheAvengersInitiativeUITests.xctest; sourceTree = BUILT_PRODUCTS_DIR; };
		7DFD2A2326597FAB005D38A7 /* TheAvengersInitiativeUITests.swift */ = {isa = PBXFileReference; lastKnownFileType = sourcecode.swift; path = TheAvengersInitiativeUITests.swift; sourceTree = "<group>"; };
		7DFD2A2526597FAB005D38A7 /* Info.plist */ = {isa = PBXFileReference; lastKnownFileType = text.plist.xml; path = Info.plist; sourceTree = "<group>"; };
		7DFEC6EE26728E6C0036A72B /* CharactersListViewController.swift */ = {isa = PBXFileReference; lastKnownFileType = sourcecode.swift; path = CharactersListViewController.swift; sourceTree = "<group>"; };
		7DFEC6F426728E9F0036A72B /* Coordinator.swift */ = {isa = PBXFileReference; lastKnownFileType = sourcecode.swift; path = Coordinator.swift; sourceTree = "<group>"; };
		7DFEC6F926728EC40036A72B /* CharacterListCoordinator.swift */ = {isa = PBXFileReference; lastKnownFileType = sourcecode.swift; path = CharacterListCoordinator.swift; sourceTree = "<group>"; };
/* End PBXFileReference section */

/* Begin PBXFrameworksBuildPhase section */
		7DFD29FB26597FA8005D38A7 /* Frameworks */ = {
			isa = PBXFrameworksBuildPhase;
			buildActionMask = 2147483647;
			files = (
			);
			runOnlyForDeploymentPostprocessing = 0;
		};
		7DFD2A1126597FAB005D38A7 /* Frameworks */ = {
			isa = PBXFrameworksBuildPhase;
			buildActionMask = 2147483647;
			files = (
			);
			runOnlyForDeploymentPostprocessing = 0;
		};
		7DFD2A1C26597FAB005D38A7 /* Frameworks */ = {
			isa = PBXFrameworksBuildPhase;
			buildActionMask = 2147483647;
			files = (
			);
			runOnlyForDeploymentPostprocessing = 0;
		};
/* End PBXFrameworksBuildPhase section */

/* Begin PBXGroup section */
		7D6DBBF3267134AD00123252 /* Main */ = {
			isa = PBXGroup;
			children = (
				7D6DBBF4267134CB00123252 /* Coordinator */,
			);
			path = Main;
			sourceTree = "<group>";
		};
		7D6DBBF4267134CB00123252 /* Coordinator */ = {
			isa = PBXGroup;
			children = (
				7D6DBBF5267134E800123252 /* MainCoordinator.swift */,
			);
			path = Coordinator;
			sourceTree = "<group>";
		};
		7DFD29F526597FA8005D38A7 = {
			isa = PBXGroup;
			children = (
				7DFD2A0026597FA8005D38A7 /* TheAvengersInitiative */,
				7DFD2A1726597FAB005D38A7 /* TheAvengersInitiativeTests */,
				7DFD2A2226597FAB005D38A7 /* TheAvengersInitiativeUITests */,
				7DFD29FF26597FA8005D38A7 /* Products */,
			);
			sourceTree = "<group>";
		};
		7DFD29FF26597FA8005D38A7 /* Products */ = {
			isa = PBXGroup;
			children = (
				7DFD29FE26597FA8005D38A7 /* TheAvengersInitiative.app */,
				7DFD2A1426597FAB005D38A7 /* TheAvengersInitiativeTests.xctest */,
				7DFD2A1F26597FAB005D38A7 /* TheAvengersInitiativeUITests.xctest */,
			);
			name = Products;
			sourceTree = "<group>";
		};
		7DFD2A0026597FA8005D38A7 /* TheAvengersInitiative */ = {
			isa = PBXGroup;
			children = (
				7DFEC6F326728E910036A72B /* Protocols */,
				7DFEC6E826728DEC0036A72B /* CharactersList */,
				7D6DBBF3267134AD00123252 /* Main */,
				7DFD2A0126597FA8005D38A7 /* AppDelegate.swift */,
				7DFD2A0526597FA9005D38A7 /* ViewController.swift */,
				7DFD2A0726597FA9005D38A7 /* Main.storyboard */,
				7DFD2A0A26597FAA005D38A7 /* Assets.xcassets */,
				7DFD2A0C26597FAA005D38A7 /* LaunchScreen.storyboard */,
				7DFD2A0F26597FAA005D38A7 /* Info.plist */,
			);
			path = TheAvengersInitiative;
			sourceTree = "<group>";
		};
		7DFD2A1726597FAB005D38A7 /* TheAvengersInitiativeTests */ = {
			isa = PBXGroup;
			children = (
				7DFD2A1826597FAB005D38A7 /* TheAvengersInitiativeTests.swift */,
				7DFD2A1A26597FAB005D38A7 /* Info.plist */,
			);
			path = TheAvengersInitiativeTests;
			sourceTree = "<group>";
		};
		7DFD2A2226597FAB005D38A7 /* TheAvengersInitiativeUITests */ = {
			isa = PBXGroup;
			children = (
				7DFD2A2326597FAB005D38A7 /* TheAvengersInitiativeUITests.swift */,
				7DFD2A2526597FAB005D38A7 /* Info.plist */,
			);
			path = TheAvengersInitiativeUITests;
			sourceTree = "<group>";
		};
		7DFEC6E826728DEC0036A72B /* CharactersList */ = {
			isa = PBXGroup;
			children = (
				7DFEC6ED26728E3A0036A72B /* Models */,
				7DFEC6EC26728E140036A72B /* Views */,
				7DFEC6EB26728E0B0036A72B /* Controllers */,
				7DFEC6EA26728E060036A72B /* ViewModels */,
				7DFEC6E926728DF70036A72B /* Coordinators */,
			);
			path = CharactersList;
			sourceTree = "<group>";
		};
		7DFEC6E926728DF70036A72B /* Coordinators */ = {
			isa = PBXGroup;
			children = (
				7DFEC6F926728EC40036A72B /* CharacterListCoordinator.swift */,
			);
			path = Coordinators;
			sourceTree = "<group>";
		};
		7DFEC6EA26728E060036A72B /* ViewModels */ = {
			isa = PBXGroup;
			children = (
			);
			path = ViewModels;
			sourceTree = "<group>";
		};
		7DFEC6EB26728E0B0036A72B /* Controllers */ = {
			isa = PBXGroup;
			children = (
				7DFEC6EE26728E6C0036A72B /* CharactersListViewController.swift */,
			);
			path = Controllers;
			sourceTree = "<group>";
		};
		7DFEC6EC26728E140036A72B /* Views */ = {
			isa = PBXGroup;
			children = (
				7DCF68FB2673D63F007A48CC /* CharactersListView.swift */,
				7D55FFC22679201300CBA8C9 /* CharacterListCell.swift */,
			);
			path = Views;
			sourceTree = "<group>";
		};
		7DFEC6ED26728E3A0036A72B /* Models */ = {
			isa = PBXGroup;
			children = (
			);
			path = Models;
			sourceTree = "<group>";
		};
		7DFEC6F326728E910036A72B /* Protocols */ = {
			isa = PBXGroup;
			children = (
				7DFEC6F426728E9F0036A72B /* Coordinator.swift */,
				7D55FFBD26791A5200CBA8C9 /* ViewCode.swift */,
			);
			path = Protocols;
			sourceTree = "<group>";
		};
/* End PBXGroup section */

/* Begin PBXNativeTarget section */
		7DFD29FD26597FA8005D38A7 /* TheAvengersInitiative */ = {
			isa = PBXNativeTarget;
			buildConfigurationList = 7DFD2A2826597FAB005D38A7 /* Build configuration list for PBXNativeTarget "TheAvengersInitiative" */;
			buildPhases = (
				7DFD29FA26597FA8005D38A7 /* Sources */,
				7DFD29FB26597FA8005D38A7 /* Frameworks */,
				7DFD29FC26597FA8005D38A7 /* Resources */,
			);
			buildRules = (
			);
			dependencies = (
			);
			name = TheAvengersInitiative;
			productName = TheAvengersInitiative;
			productReference = 7DFD29FE26597FA8005D38A7 /* TheAvengersInitiative.app */;
			productType = "com.apple.product-type.application";
		};
		7DFD2A1326597FAB005D38A7 /* TheAvengersInitiativeTests */ = {
			isa = PBXNativeTarget;
			buildConfigurationList = 7DFD2A2B26597FAB005D38A7 /* Build configuration list for PBXNativeTarget "TheAvengersInitiativeTests" */;
			buildPhases = (
				7DFD2A1026597FAB005D38A7 /* Sources */,
				7DFD2A1126597FAB005D38A7 /* Frameworks */,
				7DFD2A1226597FAB005D38A7 /* Resources */,
			);
			buildRules = (
			);
			dependencies = (
				7DFD2A1626597FAB005D38A7 /* PBXTargetDependency */,
			);
			name = TheAvengersInitiativeTests;
			productName = TheAvengersInitiativeTests;
			productReference = 7DFD2A1426597FAB005D38A7 /* TheAvengersInitiativeTests.xctest */;
			productType = "com.apple.product-type.bundle.unit-test";
		};
		7DFD2A1E26597FAB005D38A7 /* TheAvengersInitiativeUITests */ = {
			isa = PBXNativeTarget;
			buildConfigurationList = 7DFD2A2E26597FAB005D38A7 /* Build configuration list for PBXNativeTarget "TheAvengersInitiativeUITests" */;
			buildPhases = (
				7DFD2A1B26597FAB005D38A7 /* Sources */,
				7DFD2A1C26597FAB005D38A7 /* Frameworks */,
				7DFD2A1D26597FAB005D38A7 /* Resources */,
			);
			buildRules = (
			);
			dependencies = (
				7DFD2A2126597FAB005D38A7 /* PBXTargetDependency */,
			);
			name = TheAvengersInitiativeUITests;
			productName = TheAvengersInitiativeUITests;
			productReference = 7DFD2A1F26597FAB005D38A7 /* TheAvengersInitiativeUITests.xctest */;
			productType = "com.apple.product-type.bundle.ui-testing";
		};
/* End PBXNativeTarget section */

/* Begin PBXProject section */
		7DFD29F626597FA8005D38A7 /* Project object */ = {
			isa = PBXProject;
			attributes = {
				LastSwiftUpdateCheck = 1240;
				LastUpgradeCheck = 1240;
				TargetAttributes = {
					7DFD29FD26597FA8005D38A7 = {
						CreatedOnToolsVersion = 12.4;
					};
					7DFD2A1326597FAB005D38A7 = {
						CreatedOnToolsVersion = 12.4;
						TestTargetID = 7DFD29FD26597FA8005D38A7;
					};
					7DFD2A1E26597FAB005D38A7 = {
						CreatedOnToolsVersion = 12.4;
						TestTargetID = 7DFD29FD26597FA8005D38A7;
					};
				};
			};
			buildConfigurationList = 7DFD29F926597FA8005D38A7 /* Build configuration list for PBXProject "TheAvengersInitiative" */;
			compatibilityVersion = "Xcode 9.3";
			developmentRegion = en;
			hasScannedForEncodings = 0;
			knownRegions = (
				en,
				Base,
			);
			mainGroup = 7DFD29F526597FA8005D38A7;
			productRefGroup = 7DFD29FF26597FA8005D38A7 /* Products */;
			projectDirPath = "";
			projectRoot = "";
			targets = (
				7DFD29FD26597FA8005D38A7 /* TheAvengersInitiative */,
				7DFD2A1326597FAB005D38A7 /* TheAvengersInitiativeTests */,
				7DFD2A1E26597FAB005D38A7 /* TheAvengersInitiativeUITests */,
			);
		};
/* End PBXProject section */

/* Begin PBXResourcesBuildPhase section */
		7DFD29FC26597FA8005D38A7 /* Resources */ = {
			isa = PBXResourcesBuildPhase;
			buildActionMask = 2147483647;
			files = (
				7DFD2A0E26597FAA005D38A7 /* LaunchScreen.storyboard in Resources */,
				7DFD2A0B26597FAA005D38A7 /* Assets.xcassets in Resources */,
				7DFD2A0926597FA9005D38A7 /* Main.storyboard in Resources */,
			);
			runOnlyForDeploymentPostprocessing = 0;
		};
		7DFD2A1226597FAB005D38A7 /* Resources */ = {
			isa = PBXResourcesBuildPhase;
			buildActionMask = 2147483647;
			files = (
			);
			runOnlyForDeploymentPostprocessing = 0;
		};
		7DFD2A1D26597FAB005D38A7 /* Resources */ = {
			isa = PBXResourcesBuildPhase;
			buildActionMask = 2147483647;
			files = (
			);
			runOnlyForDeploymentPostprocessing = 0;
		};
/* End PBXResourcesBuildPhase section */

/* Begin PBXSourcesBuildPhase section */
		7DFD29FA26597FA8005D38A7 /* Sources */ = {
			isa = PBXSourcesBuildPhase;
			buildActionMask = 2147483647;
			files = (
				7D55FFC32679201300CBA8C9 /* CharacterListCell.swift in Sources */,
				7DFEC6FA26728EC40036A72B /* CharacterListCoordinator.swift in Sources */,
				7DFEC6EF26728E6C0036A72B /* CharactersListViewController.swift in Sources */,
				7DFD2A0626597FA9005D38A7 /* ViewController.swift in Sources */,
				7DFEC6F526728E9F0036A72B /* Coordinator.swift in Sources */,
				7DCF68FC2673D63F007A48CC /* CharactersListView.swift in Sources */,
				7D6DBBF6267134E800123252 /* MainCoordinator.swift in Sources */,
				7DFD2A0226597FA8005D38A7 /* AppDelegate.swift in Sources */,
				7D55FFBE26791A5300CBA8C9 /* ViewCode.swift in Sources */,
			);
			runOnlyForDeploymentPostprocessing = 0;
		};
		7DFD2A1026597FAB005D38A7 /* Sources */ = {
			isa = PBXSourcesBuildPhase;
			buildActionMask = 2147483647;
			files = (
				7DFD2A1926597FAB005D38A7 /* TheAvengersInitiativeTests.swift in Sources */,
			);
			runOnlyForDeploymentPostprocessing = 0;
		};
		7DFD2A1B26597FAB005D38A7 /* Sources */ = {
			isa = PBXSourcesBuildPhase;
			buildActionMask = 2147483647;
			files = (
				7DFD2A2426597FAB005D38A7 /* TheAvengersInitiativeUITests.swift in Sources */,
			);
			runOnlyForDeploymentPostprocessing = 0;
		};
/* End PBXSourcesBuildPhase section */

/* Begin PBXTargetDependency section */
		7DFD2A1626597FAB005D38A7 /* PBXTargetDependency */ = {
			isa = PBXTargetDependency;
			target = 7DFD29FD26597FA8005D38A7 /* TheAvengersInitiative */;
			targetProxy = 7DFD2A1526597FAB005D38A7 /* PBXContainerItemProxy */;
		};
		7DFD2A2126597FAB005D38A7 /* PBXTargetDependency */ = {
			isa = PBXTargetDependency;
			target = 7DFD29FD26597FA8005D38A7 /* TheAvengersInitiative */;
			targetProxy = 7DFD2A2026597FAB005D38A7 /* PBXContainerItemProxy */;
		};
/* End PBXTargetDependency section */

/* Begin PBXVariantGroup section */
		7DFD2A0726597FA9005D38A7 /* Main.storyboard */ = {
			isa = PBXVariantGroup;
			children = (
				7DFD2A0826597FA9005D38A7 /* Base */,
			);
			name = Main.storyboard;
			sourceTree = "<group>";
		};
		7DFD2A0C26597FAA005D38A7 /* LaunchScreen.storyboard */ = {
			isa = PBXVariantGroup;
			children = (
				7DFD2A0D26597FAA005D38A7 /* Base */,
			);
			name = LaunchScreen.storyboard;
			sourceTree = "<group>";
		};
/* End PBXVariantGroup section */

/* Begin XCBuildConfiguration section */
		14A82AF826710D950017AD39 /* HML */ = {
			isa = XCBuildConfiguration;
			buildSettings = {
				ALWAYS_SEARCH_USER_PATHS = NO;
				CLANG_ANALYZER_NONNULL = YES;
				CLANG_ANALYZER_NUMBER_OBJECT_CONVERSION = YES_AGGRESSIVE;
				CLANG_CXX_LANGUAGE_STANDARD = "gnu++14";
				CLANG_CXX_LIBRARY = "libc++";
				CLANG_ENABLE_MODULES = YES;
				CLANG_ENABLE_OBJC_ARC = YES;
				CLANG_ENABLE_OBJC_WEAK = YES;
				CLANG_WARN_BLOCK_CAPTURE_AUTORELEASING = YES;
				CLANG_WARN_BOOL_CONVERSION = YES;
				CLANG_WARN_COMMA = YES;
				CLANG_WARN_CONSTANT_CONVERSION = YES;
				CLANG_WARN_DEPRECATED_OBJC_IMPLEMENTATIONS = YES;
				CLANG_WARN_DIRECT_OBJC_ISA_USAGE = YES_ERROR;
				CLANG_WARN_DOCUMENTATION_COMMENTS = YES;
				CLANG_WARN_EMPTY_BODY = YES;
				CLANG_WARN_ENUM_CONVERSION = YES;
				CLANG_WARN_INFINITE_RECURSION = YES;
				CLANG_WARN_INT_CONVERSION = YES;
				CLANG_WARN_NON_LITERAL_NULL_CONVERSION = YES;
				CLANG_WARN_OBJC_IMPLICIT_RETAIN_SELF = YES;
				CLANG_WARN_OBJC_LITERAL_CONVERSION = YES;
				CLANG_WARN_OBJC_ROOT_CLASS = YES_ERROR;
				CLANG_WARN_QUOTED_INCLUDE_IN_FRAMEWORK_HEADER = YES;
				CLANG_WARN_RANGE_LOOP_ANALYSIS = YES;
				CLANG_WARN_STRICT_PROTOTYPES = YES;
				CLANG_WARN_SUSPICIOUS_MOVE = YES;
				CLANG_WARN_UNGUARDED_AVAILABILITY = YES_AGGRESSIVE;
				CLANG_WARN_UNREACHABLE_CODE = YES;
				CLANG_WARN__DUPLICATE_METHOD_MATCH = YES;
				COPY_PHASE_STRIP = NO;
				DEBUG_INFORMATION_FORMAT = dwarf;
				ENABLE_STRICT_OBJC_MSGSEND = YES;
				ENABLE_TESTABILITY = YES;
				GCC_C_LANGUAGE_STANDARD = gnu11;
				GCC_DYNAMIC_NO_PIC = NO;
				GCC_NO_COMMON_BLOCKS = YES;
				GCC_OPTIMIZATION_LEVEL = 0;
				GCC_PREPROCESSOR_DEFINITIONS = (
					"DEBUG=1",
					"$(inherited)",
				);
				GCC_WARN_64_TO_32_BIT_CONVERSION = YES;
				GCC_WARN_ABOUT_RETURN_TYPE = YES_ERROR;
				GCC_WARN_UNDECLARED_SELECTOR = YES;
				GCC_WARN_UNINITIALIZED_AUTOS = YES_AGGRESSIVE;
				GCC_WARN_UNUSED_FUNCTION = YES;
				GCC_WARN_UNUSED_VARIABLE = YES;
				IPHONEOS_DEPLOYMENT_TARGET = 14.4;
				MTL_ENABLE_DEBUG_INFO = INCLUDE_SOURCE;
				MTL_FAST_MATH = YES;
				ONLY_ACTIVE_ARCH = YES;
				SDKROOT = iphoneos;
				SWIFT_ACTIVE_COMPILATION_CONDITIONS = DEBUG;
				SWIFT_OPTIMIZATION_LEVEL = "-Onone";
			};
			name = HML;
		};
		14A82AF926710D950017AD39 /* HML */ = {
			isa = XCBuildConfiguration;
			buildSettings = {
				API_URL = "https://www.google.com.br/";
				ASSETCATALOG_COMPILER_APPICON_NAME = AppIcon;
				ASSETCATALOG_COMPILER_GLOBAL_ACCENT_COLOR_NAME = AccentColor;
				CODE_SIGN_STYLE = Automatic;
				DEVELOPMENT_TEAM = 534DZ9L868;
				INFOPLIST_FILE = TheAvengersInitiative/Info.plist;
				IPHONEOS_DEPLOYMENT_TARGET = 10.2;
				LD_RUNPATH_SEARCH_PATHS = (
					"$(inherited)",
					"@executable_path/Frameworks",
				);
				PRODUCT_BUNDLE_IDENTIFIER = br.com.sky.estagio2021.TheAvengersInitiative;
				PRODUCT_NAME = "$(TARGET_NAME)";
				SWIFT_VERSION = 5.0;
				TARGETED_DEVICE_FAMILY = 1;
			};
			name = HML;
		};
		14A82AFA26710D950017AD39 /* HML */ = {
			isa = XCBuildConfiguration;
			buildSettings = {
				ALWAYS_EMBED_SWIFT_STANDARD_LIBRARIES = YES;
				BUNDLE_LOADER = "$(TEST_HOST)";
				CODE_SIGN_STYLE = Automatic;
				DEVELOPMENT_TEAM = 534DZ9L868;
				INFOPLIST_FILE = TheAvengersInitiativeTests/Info.plist;
				IPHONEOS_DEPLOYMENT_TARGET = 14.4;
				LD_RUNPATH_SEARCH_PATHS = (
					"$(inherited)",
					"@executable_path/Frameworks",
					"@loader_path/Frameworks",
				);
				PRODUCT_BUNDLE_IDENTIFIER = br.com.sky.estagio2021.TheAvengersInitiativeTests;
				PRODUCT_NAME = "$(TARGET_NAME)";
				SWIFT_VERSION = 5.0;
				TARGETED_DEVICE_FAMILY = "1,2";
				TEST_HOST = "$(BUILT_PRODUCTS_DIR)/TheAvengersInitiative.app/TheAvengersInitiative";
			};
			name = HML;
		};
		14A82AFB26710D950017AD39 /* HML */ = {
			isa = XCBuildConfiguration;
			buildSettings = {
				ALWAYS_EMBED_SWIFT_STANDARD_LIBRARIES = YES;
				CODE_SIGN_STYLE = Automatic;
				DEVELOPMENT_TEAM = 534DZ9L868;
				INFOPLIST_FILE = TheAvengersInitiativeUITests/Info.plist;
				LD_RUNPATH_SEARCH_PATHS = (
					"$(inherited)",
					"@executable_path/Frameworks",
					"@loader_path/Frameworks",
				);
				PRODUCT_BUNDLE_IDENTIFIER = br.com.sky.estagio2021.TheAvengersInitiativeUITests;
				PRODUCT_NAME = "$(TARGET_NAME)";
				SWIFT_VERSION = 5.0;
				TARGETED_DEVICE_FAMILY = "1,2";
				TEST_TARGET_NAME = TheAvengersInitiative;
			};
			name = HML;
		};
		14A82AFC26710DA50017AD39 /* Debug HMl */ = {
			isa = XCBuildConfiguration;
			buildSettings = {
				ALWAYS_SEARCH_USER_PATHS = NO;
				CLANG_ANALYZER_NONNULL = YES;
				CLANG_ANALYZER_NUMBER_OBJECT_CONVERSION = YES_AGGRESSIVE;
				CLANG_CXX_LANGUAGE_STANDARD = "gnu++14";
				CLANG_CXX_LIBRARY = "libc++";
				CLANG_ENABLE_MODULES = YES;
				CLANG_ENABLE_OBJC_ARC = YES;
				CLANG_ENABLE_OBJC_WEAK = YES;
				CLANG_WARN_BLOCK_CAPTURE_AUTORELEASING = YES;
				CLANG_WARN_BOOL_CONVERSION = YES;
				CLANG_WARN_COMMA = YES;
				CLANG_WARN_CONSTANT_CONVERSION = YES;
				CLANG_WARN_DEPRECATED_OBJC_IMPLEMENTATIONS = YES;
				CLANG_WARN_DIRECT_OBJC_ISA_USAGE = YES_ERROR;
				CLANG_WARN_DOCUMENTATION_COMMENTS = YES;
				CLANG_WARN_EMPTY_BODY = YES;
				CLANG_WARN_ENUM_CONVERSION = YES;
				CLANG_WARN_INFINITE_RECURSION = YES;
				CLANG_WARN_INT_CONVERSION = YES;
				CLANG_WARN_NON_LITERAL_NULL_CONVERSION = YES;
				CLANG_WARN_OBJC_IMPLICIT_RETAIN_SELF = YES;
				CLANG_WARN_OBJC_LITERAL_CONVERSION = YES;
				CLANG_WARN_OBJC_ROOT_CLASS = YES_ERROR;
				CLANG_WARN_QUOTED_INCLUDE_IN_FRAMEWORK_HEADER = YES;
				CLANG_WARN_RANGE_LOOP_ANALYSIS = YES;
				CLANG_WARN_STRICT_PROTOTYPES = YES;
				CLANG_WARN_SUSPICIOUS_MOVE = YES;
				CLANG_WARN_UNGUARDED_AVAILABILITY = YES_AGGRESSIVE;
				CLANG_WARN_UNREACHABLE_CODE = YES;
				CLANG_WARN__DUPLICATE_METHOD_MATCH = YES;
				COPY_PHASE_STRIP = NO;
				DEBUG_INFORMATION_FORMAT = dwarf;
				ENABLE_STRICT_OBJC_MSGSEND = YES;
				ENABLE_TESTABILITY = YES;
				GCC_C_LANGUAGE_STANDARD = gnu11;
				GCC_DYNAMIC_NO_PIC = NO;
				GCC_NO_COMMON_BLOCKS = YES;
				GCC_OPTIMIZATION_LEVEL = 0;
				GCC_PREPROCESSOR_DEFINITIONS = (
					"DEBUG=1",
					"$(inherited)",
				);
				GCC_WARN_64_TO_32_BIT_CONVERSION = YES;
				GCC_WARN_ABOUT_RETURN_TYPE = YES_ERROR;
				GCC_WARN_UNDECLARED_SELECTOR = YES;
				GCC_WARN_UNINITIALIZED_AUTOS = YES_AGGRESSIVE;
				GCC_WARN_UNUSED_FUNCTION = YES;
				GCC_WARN_UNUSED_VARIABLE = YES;
				IPHONEOS_DEPLOYMENT_TARGET = 14.4;
				MTL_ENABLE_DEBUG_INFO = INCLUDE_SOURCE;
				MTL_FAST_MATH = YES;
				ONLY_ACTIVE_ARCH = YES;
				SDKROOT = iphoneos;
				SWIFT_ACTIVE_COMPILATION_CONDITIONS = DEBUG;
				SWIFT_OPTIMIZATION_LEVEL = "-Onone";
			};
			name = "Debug HMl";
		};
		14A82AFD26710DA50017AD39 /* Debug HMl */ = {
			isa = XCBuildConfiguration;
			buildSettings = {
				API_URL = "https://www.google.com.br/";
				ASSETCATALOG_COMPILER_APPICON_NAME = AppIcon;
				ASSETCATALOG_COMPILER_GLOBAL_ACCENT_COLOR_NAME = AccentColor;
				CODE_SIGN_STYLE = Automatic;
				DEVELOPMENT_TEAM = 534DZ9L868;
				INFOPLIST_FILE = TheAvengersInitiative/Info.plist;
				IPHONEOS_DEPLOYMENT_TARGET = 10.2;
				LD_RUNPATH_SEARCH_PATHS = (
					"$(inherited)",
					"@executable_path/Frameworks",
				);
				PRODUCT_BUNDLE_IDENTIFIER = br.com.sky.estagio2021.TheAvengersInitiative;
				PRODUCT_NAME = "$(TARGET_NAME)";
				SWIFT_VERSION = 5.0;
				TARGETED_DEVICE_FAMILY = 1;
			};
			name = "Debug HMl";
		};
		14A82AFE26710DA50017AD39 /* Debug HMl */ = {
			isa = XCBuildConfiguration;
			buildSettings = {
				ALWAYS_EMBED_SWIFT_STANDARD_LIBRARIES = YES;
				BUNDLE_LOADER = "$(TEST_HOST)";
				CODE_SIGN_STYLE = Automatic;
				DEVELOPMENT_TEAM = 534DZ9L868;
				INFOPLIST_FILE = TheAvengersInitiativeTests/Info.plist;
				IPHONEOS_DEPLOYMENT_TARGET = 14.4;
				LD_RUNPATH_SEARCH_PATHS = (
					"$(inherited)",
					"@executable_path/Frameworks",
					"@loader_path/Frameworks",
				);
				PRODUCT_BUNDLE_IDENTIFIER = br.com.sky.estagio2021.TheAvengersInitiativeTests;
				PRODUCT_NAME = "$(TARGET_NAME)";
				SWIFT_VERSION = 5.0;
				TARGETED_DEVICE_FAMILY = "1,2";
				TEST_HOST = "$(BUILT_PRODUCTS_DIR)/TheAvengersInitiative.app/TheAvengersInitiative";
			};
			name = "Debug HMl";
		};
		14A82AFF26710DA50017AD39 /* Debug HMl */ = {
			isa = XCBuildConfiguration;
			buildSettings = {
				ALWAYS_EMBED_SWIFT_STANDARD_LIBRARIES = YES;
				CODE_SIGN_STYLE = Automatic;
				DEVELOPMENT_TEAM = 534DZ9L868;
				INFOPLIST_FILE = TheAvengersInitiativeUITests/Info.plist;
				LD_RUNPATH_SEARCH_PATHS = (
					"$(inherited)",
					"@executable_path/Frameworks",
					"@loader_path/Frameworks",
				);
				PRODUCT_BUNDLE_IDENTIFIER = br.com.sky.estagio2021.TheAvengersInitiativeUITests;
				PRODUCT_NAME = "$(TARGET_NAME)";
				SWIFT_VERSION = 5.0;
				TARGETED_DEVICE_FAMILY = "1,2";
				TEST_TARGET_NAME = TheAvengersInitiative;
			};
			name = "Debug HMl";
		};
		7DFD2A2626597FAB005D38A7 /* Debug */ = {
			isa = XCBuildConfiguration;
			buildSettings = {
				ALWAYS_SEARCH_USER_PATHS = NO;
				CLANG_ANALYZER_NONNULL = YES;
				CLANG_ANALYZER_NUMBER_OBJECT_CONVERSION = YES_AGGRESSIVE;
				CLANG_CXX_LANGUAGE_STANDARD = "gnu++14";
				CLANG_CXX_LIBRARY = "libc++";
				CLANG_ENABLE_MODULES = YES;
				CLANG_ENABLE_OBJC_ARC = YES;
				CLANG_ENABLE_OBJC_WEAK = YES;
				CLANG_WARN_BLOCK_CAPTURE_AUTORELEASING = YES;
				CLANG_WARN_BOOL_CONVERSION = YES;
				CLANG_WARN_COMMA = YES;
				CLANG_WARN_CONSTANT_CONVERSION = YES;
				CLANG_WARN_DEPRECATED_OBJC_IMPLEMENTATIONS = YES;
				CLANG_WARN_DIRECT_OBJC_ISA_USAGE = YES_ERROR;
				CLANG_WARN_DOCUMENTATION_COMMENTS = YES;
				CLANG_WARN_EMPTY_BODY = YES;
				CLANG_WARN_ENUM_CONVERSION = YES;
				CLANG_WARN_INFINITE_RECURSION = YES;
				CLANG_WARN_INT_CONVERSION = YES;
				CLANG_WARN_NON_LITERAL_NULL_CONVERSION = YES;
				CLANG_WARN_OBJC_IMPLICIT_RETAIN_SELF = YES;
				CLANG_WARN_OBJC_LITERAL_CONVERSION = YES;
				CLANG_WARN_OBJC_ROOT_CLASS = YES_ERROR;
				CLANG_WARN_QUOTED_INCLUDE_IN_FRAMEWORK_HEADER = YES;
				CLANG_WARN_RANGE_LOOP_ANALYSIS = YES;
				CLANG_WARN_STRICT_PROTOTYPES = YES;
				CLANG_WARN_SUSPICIOUS_MOVE = YES;
				CLANG_WARN_UNGUARDED_AVAILABILITY = YES_AGGRESSIVE;
				CLANG_WARN_UNREACHABLE_CODE = YES;
				CLANG_WARN__DUPLICATE_METHOD_MATCH = YES;
				COPY_PHASE_STRIP = NO;
				DEBUG_INFORMATION_FORMAT = dwarf;
				ENABLE_STRICT_OBJC_MSGSEND = YES;
				ENABLE_TESTABILITY = YES;
				GCC_C_LANGUAGE_STANDARD = gnu11;
				GCC_DYNAMIC_NO_PIC = NO;
				GCC_NO_COMMON_BLOCKS = YES;
				GCC_OPTIMIZATION_LEVEL = 0;
				GCC_PREPROCESSOR_DEFINITIONS = (
					"DEBUG=1",
					"$(inherited)",
				);
				GCC_WARN_64_TO_32_BIT_CONVERSION = YES;
				GCC_WARN_ABOUT_RETURN_TYPE = YES_ERROR;
				GCC_WARN_UNDECLARED_SELECTOR = YES;
				GCC_WARN_UNINITIALIZED_AUTOS = YES_AGGRESSIVE;
				GCC_WARN_UNUSED_FUNCTION = YES;
				GCC_WARN_UNUSED_VARIABLE = YES;
				IPHONEOS_DEPLOYMENT_TARGET = 14.4;
				MTL_ENABLE_DEBUG_INFO = INCLUDE_SOURCE;
				MTL_FAST_MATH = YES;
				ONLY_ACTIVE_ARCH = YES;
				SDKROOT = iphoneos;
				SWIFT_ACTIVE_COMPILATION_CONDITIONS = DEBUG;
				SWIFT_OPTIMIZATION_LEVEL = "-Onone";
			};
			name = Debug;
		};
		7DFD2A2726597FAB005D38A7 /* Release */ = {
			isa = XCBuildConfiguration;
			buildSettings = {
				ALWAYS_SEARCH_USER_PATHS = NO;
				CLANG_ANALYZER_NONNULL = YES;
				CLANG_ANALYZER_NUMBER_OBJECT_CONVERSION = YES_AGGRESSIVE;
				CLANG_CXX_LANGUAGE_STANDARD = "gnu++14";
				CLANG_CXX_LIBRARY = "libc++";
				CLANG_ENABLE_MODULES = YES;
				CLANG_ENABLE_OBJC_ARC = YES;
				CLANG_ENABLE_OBJC_WEAK = YES;
				CLANG_WARN_BLOCK_CAPTURE_AUTORELEASING = YES;
				CLANG_WARN_BOOL_CONVERSION = YES;
				CLANG_WARN_COMMA = YES;
				CLANG_WARN_CONSTANT_CONVERSION = YES;
				CLANG_WARN_DEPRECATED_OBJC_IMPLEMENTATIONS = YES;
				CLANG_WARN_DIRECT_OBJC_ISA_USAGE = YES_ERROR;
				CLANG_WARN_DOCUMENTATION_COMMENTS = YES;
				CLANG_WARN_EMPTY_BODY = YES;
				CLANG_WARN_ENUM_CONVERSION = YES;
				CLANG_WARN_INFINITE_RECURSION = YES;
				CLANG_WARN_INT_CONVERSION = YES;
				CLANG_WARN_NON_LITERAL_NULL_CONVERSION = YES;
				CLANG_WARN_OBJC_IMPLICIT_RETAIN_SELF = YES;
				CLANG_WARN_OBJC_LITERAL_CONVERSION = YES;
				CLANG_WARN_OBJC_ROOT_CLASS = YES_ERROR;
				CLANG_WARN_QUOTED_INCLUDE_IN_FRAMEWORK_HEADER = YES;
				CLANG_WARN_RANGE_LOOP_ANALYSIS = YES;
				CLANG_WARN_STRICT_PROTOTYPES = YES;
				CLANG_WARN_SUSPICIOUS_MOVE = YES;
				CLANG_WARN_UNGUARDED_AVAILABILITY = YES_AGGRESSIVE;
				CLANG_WARN_UNREACHABLE_CODE = YES;
				CLANG_WARN__DUPLICATE_METHOD_MATCH = YES;
				COPY_PHASE_STRIP = NO;
				DEBUG_INFORMATION_FORMAT = "dwarf-with-dsym";
				ENABLE_NS_ASSERTIONS = NO;
				ENABLE_STRICT_OBJC_MSGSEND = YES;
				GCC_C_LANGUAGE_STANDARD = gnu11;
				GCC_NO_COMMON_BLOCKS = YES;
				GCC_WARN_64_TO_32_BIT_CONVERSION = YES;
				GCC_WARN_ABOUT_RETURN_TYPE = YES_ERROR;
				GCC_WARN_UNDECLARED_SELECTOR = YES;
				GCC_WARN_UNINITIALIZED_AUTOS = YES_AGGRESSIVE;
				GCC_WARN_UNUSED_FUNCTION = YES;
				GCC_WARN_UNUSED_VARIABLE = YES;
				IPHONEOS_DEPLOYMENT_TARGET = 14.4;
				MTL_ENABLE_DEBUG_INFO = NO;
				MTL_FAST_MATH = YES;
				SDKROOT = iphoneos;
				SWIFT_COMPILATION_MODE = wholemodule;
				SWIFT_OPTIMIZATION_LEVEL = "-O";
				VALIDATE_PRODUCT = YES;
			};
			name = Release;
		};
		7DFD2A2926597FAB005D38A7 /* Debug */ = {
			isa = XCBuildConfiguration;
			buildSettings = {
				API_URL = "https://www.google.com.br/";
				ASSETCATALOG_COMPILER_APPICON_NAME = AppIcon;
				ASSETCATALOG_COMPILER_GLOBAL_ACCENT_COLOR_NAME = AccentColor;
				CODE_SIGN_STYLE = Automatic;
				DEVELOPMENT_TEAM = 534DZ9L868;
				INFOPLIST_FILE = TheAvengersInitiative/Info.plist;
				IPHONEOS_DEPLOYMENT_TARGET = 10.2;
				LD_RUNPATH_SEARCH_PATHS = (
					"$(inherited)",
					"@executable_path/Frameworks",
				);
				PRODUCT_BUNDLE_IDENTIFIER = br.com.sky.estagio2021.TheAvengersInitiative;
				PRODUCT_NAME = "$(TARGET_NAME)";
				SWIFT_VERSION = 5.0;
				TARGETED_DEVICE_FAMILY = 1;
			};
			name = Debug;
		};
		7DFD2A2A26597FAB005D38A7 /* Release */ = {
			isa = XCBuildConfiguration;
			buildSettings = {
				API_URL = "https://www.google.com.br/";
				ASSETCATALOG_COMPILER_APPICON_NAME = AppIcon;
				ASSETCATALOG_COMPILER_GLOBAL_ACCENT_COLOR_NAME = AccentColor;
				CODE_SIGN_STYLE = Automatic;
				DEVELOPMENT_TEAM = 534DZ9L868;
				INFOPLIST_FILE = TheAvengersInitiative/Info.plist;
				IPHONEOS_DEPLOYMENT_TARGET = 10.2;
				LD_RUNPATH_SEARCH_PATHS = (
					"$(inherited)",
					"@executable_path/Frameworks",
				);
				PRODUCT_BUNDLE_IDENTIFIER = br.com.sky.estagio2021.TheAvengersInitiative;
				PRODUCT_NAME = "$(TARGET_NAME)";
				SWIFT_VERSION = 5.0;
				TARGETED_DEVICE_FAMILY = 1;
			};
			name = Release;
		};
		7DFD2A2C26597FAB005D38A7 /* Debug */ = {
			isa = XCBuildConfiguration;
			buildSettings = {
				ALWAYS_EMBED_SWIFT_STANDARD_LIBRARIES = YES;
				BUNDLE_LOADER = "$(TEST_HOST)";
				CODE_SIGN_STYLE = Automatic;
				DEVELOPMENT_TEAM = 534DZ9L868;
				INFOPLIST_FILE = TheAvengersInitiativeTests/Info.plist;
				IPHONEOS_DEPLOYMENT_TARGET = 14.4;
				LD_RUNPATH_SEARCH_PATHS = (
					"$(inherited)",
					"@executable_path/Frameworks",
					"@loader_path/Frameworks",
				);
				PRODUCT_BUNDLE_IDENTIFIER = br.com.sky.estagio2021.TheAvengersInitiativeTests;
				PRODUCT_NAME = "$(TARGET_NAME)";
				SWIFT_VERSION = 5.0;
				TARGETED_DEVICE_FAMILY = "1,2";
				TEST_HOST = "$(BUILT_PRODUCTS_DIR)/TheAvengersInitiative.app/TheAvengersInitiative";
			};
			name = Debug;
		};
		7DFD2A2D26597FAB005D38A7 /* Release */ = {
			isa = XCBuildConfiguration;
			buildSettings = {
				ALWAYS_EMBED_SWIFT_STANDARD_LIBRARIES = YES;
				BUNDLE_LOADER = "$(TEST_HOST)";
				CODE_SIGN_STYLE = Automatic;
				DEVELOPMENT_TEAM = 534DZ9L868;
				INFOPLIST_FILE = TheAvengersInitiativeTests/Info.plist;
				IPHONEOS_DEPLOYMENT_TARGET = 14.4;
				LD_RUNPATH_SEARCH_PATHS = (
					"$(inherited)",
					"@executable_path/Frameworks",
					"@loader_path/Frameworks",
				);
				PRODUCT_BUNDLE_IDENTIFIER = br.com.sky.estagio2021.TheAvengersInitiativeTests;
				PRODUCT_NAME = "$(TARGET_NAME)";
				SWIFT_VERSION = 5.0;
				TARGETED_DEVICE_FAMILY = "1,2";
				TEST_HOST = "$(BUILT_PRODUCTS_DIR)/TheAvengersInitiative.app/TheAvengersInitiative";
			};
			name = Release;
		};
		7DFD2A2F26597FAB005D38A7 /* Debug */ = {
			isa = XCBuildConfiguration;
			buildSettings = {
				ALWAYS_EMBED_SWIFT_STANDARD_LIBRARIES = YES;
				CODE_SIGN_STYLE = Automatic;
				DEVELOPMENT_TEAM = 534DZ9L868;
				INFOPLIST_FILE = TheAvengersInitiativeUITests/Info.plist;
				LD_RUNPATH_SEARCH_PATHS = (
					"$(inherited)",
					"@executable_path/Frameworks",
					"@loader_path/Frameworks",
				);
				PRODUCT_BUNDLE_IDENTIFIER = br.com.sky.estagio2021.TheAvengersInitiativeUITests;
				PRODUCT_NAME = "$(TARGET_NAME)";
				SWIFT_VERSION = 5.0;
				TARGETED_DEVICE_FAMILY = "1,2";
				TEST_TARGET_NAME = TheAvengersInitiative;
			};
			name = Debug;
		};
		7DFD2A3026597FAB005D38A7 /* Release */ = {
			isa = XCBuildConfiguration;
			buildSettings = {
				ALWAYS_EMBED_SWIFT_STANDARD_LIBRARIES = YES;
				CODE_SIGN_STYLE = Automatic;
				DEVELOPMENT_TEAM = 534DZ9L868;
				INFOPLIST_FILE = TheAvengersInitiativeUITests/Info.plist;
				LD_RUNPATH_SEARCH_PATHS = (
					"$(inherited)",
					"@executable_path/Frameworks",
					"@loader_path/Frameworks",
				);
				PRODUCT_BUNDLE_IDENTIFIER = br.com.sky.estagio2021.TheAvengersInitiativeUITests;
				PRODUCT_NAME = "$(TARGET_NAME)";
				SWIFT_VERSION = 5.0;
				TARGETED_DEVICE_FAMILY = "1,2";
				TEST_TARGET_NAME = TheAvengersInitiative;
			};
			name = Release;
		};
/* End XCBuildConfiguration section */

/* Begin XCConfigurationList section */
		7DFD29F926597FA8005D38A7 /* Build configuration list for PBXProject "TheAvengersInitiative" */ = {
			isa = XCConfigurationList;
			buildConfigurations = (
				7DFD2A2626597FAB005D38A7 /* Debug */,
				14A82AF826710D950017AD39 /* HML */,
				14A82AFC26710DA50017AD39 /* Debug HMl */,
				7DFD2A2726597FAB005D38A7 /* Release */,
			);
			defaultConfigurationIsVisible = 0;
			defaultConfigurationName = Release;
		};
		7DFD2A2826597FAB005D38A7 /* Build configuration list for PBXNativeTarget "TheAvengersInitiative" */ = {
			isa = XCConfigurationList;
			buildConfigurations = (
				7DFD2A2926597FAB005D38A7 /* Debug */,
				14A82AF926710D950017AD39 /* HML */,
				14A82AFD26710DA50017AD39 /* Debug HMl */,
				7DFD2A2A26597FAB005D38A7 /* Release */,
			);
			defaultConfigurationIsVisible = 0;
			defaultConfigurationName = Release;
		};
		7DFD2A2B26597FAB005D38A7 /* Build configuration list for PBXNativeTarget "TheAvengersInitiativeTests" */ = {
			isa = XCConfigurationList;
			buildConfigurations = (
				7DFD2A2C26597FAB005D38A7 /* Debug */,
				14A82AFA26710D950017AD39 /* HML */,
				14A82AFE26710DA50017AD39 /* Debug HMl */,
				7DFD2A2D26597FAB005D38A7 /* Release */,
			);
			defaultConfigurationIsVisible = 0;
			defaultConfigurationName = Release;
		};
		7DFD2A2E26597FAB005D38A7 /* Build configuration list for PBXNativeTarget "TheAvengersInitiativeUITests" */ = {
			isa = XCConfigurationList;
			buildConfigurations = (
				7DFD2A2F26597FAB005D38A7 /* Debug */,
				14A82AFB26710D950017AD39 /* HML */,
				14A82AFF26710DA50017AD39 /* Debug HMl */,
				7DFD2A3026597FAB005D38A7 /* Release */,
			);
			defaultConfigurationIsVisible = 0;
			defaultConfigurationName = Release;
		};
/* End XCConfigurationList section */
	};
	rootObject = 7DFD29F626597FA8005D38A7 /* Project object */;
}
